
Microsoft Visual Studio Solution File, Format Version 11.00
# Visual Studio 2010
Project("{8BC9CEB8-8B4A-11D0-8D11-00A0C91BC942}") = "VideoParserGUI", "VideoParserGUI\VideoParserGUI.vcxproj", "{1DBC80AF-317A-4A65-85AF-228EFEFD3722}"
	ProjectSection(ProjectDependencies) = postProject
		{5B70CE0A-1579-40DB-A718-8496032FD277} = {5B70CE0A-1579-40DB-A718-8496032FD277}
		{BFB61D1B-223A-4FEC-B416-669EF8720B0B} = {BFB61D1B-223A-4FEC-B416-669EF8720B0B}
		{A7AFA320-0EAE-466E-9D30-B5A5D29AA19F} = {A7AFA320-0EAE-466E-9D30-B5A5D29AA19F}
		{436FB326-E0AF-48C4-B36D-8E6F5E5525FE} = {436FB326-E0AF-48C4-B36D-8E6F5E5525FE}
		{E3667A40-87F9-4EA4-971E-4FA27B6144CB} = {E3667A40-87F9-4EA4-971E-4FA27B6144CB}
		{45A8F24F-075E-40D6-9B6F-ED206E314765} = {45A8F24F-075E-40D6-9B6F-ED206E314765}
		{B1CCB581-A66F-4F54-B344-0FAE4121A812} = {B1CCB581-A66F-4F54-B344-0FAE4121A812}
		{4C974282-1094-42CF-996C-42DEA04949F1} = {4C974282-1094-42CF-996C-42DEA04949F1}
		{2DC4A09E-14EE-41AA-9214-E3F60EAF4A48} = {2DC4A09E-14EE-41AA-9214-E3F60EAF4A48}
		{EBD0ADA9-0397-4E6E-82F5-5C6BA134B4C8} = {EBD0ADA9-0397-4E6E-82F5-5C6BA134B4C8}
		{6E1B77B3-9723-4681-AE18-7754FAA9D70F} = {6E1B77B3-9723-4681-AE18-7754FAA9D70F}
		{D1937CE5-01F7-4DD2-826A-DF358F663739} = {D1937CE5-01F7-4DD2-826A-DF358F663739}
	EndProjectSection
EndProject
Project("{8BC9CEB8-8B4A-11D0-8D11-00A0C91BC942}") = "ObjectRecognition", "ObjectRecognition\ObjectRecognition.vcxproj", "{B1CCB581-A66F-4F54-B344-0FAE4121A812}"
EndProject
Project("{8BC9CEB8-8B4A-11D0-8D11-00A0C91BC942}") = "VideoRepresentation", "VideoRepresentation\VideoRepresentation.vcxproj", "{45A8F24F-075E-40D6-9B6F-ED206E314765}"
EndProject
Project("{8BC9CEB8-8B4A-11D0-8D11-00A0C91BC942}") = "ImageSegmentation", "ImageSegmentation\ImageSegmentation.vcxproj", "{EBD0ADA9-0397-4E6E-82F5-5C6BA134B4C8}"
EndProject
Project("{8BC9CEB8-8B4A-11D0-8D11-00A0C91BC942}") = "ShapeParsing", "ShapeParsing\ShapeParsing.vcxproj", "{4C974282-1094-42CF-996C-42DEA04949F1}"
EndProject
Project("{8BC9CEB8-8B4A-11D0-8D11-00A0C91BC942}") = "ShapeRepresentation", "ShapeRepresentation\ShapeRepresentation.vcxproj", "{436FB326-E0AF-48C4-B36D-8E6F5E5525FE}"
EndProject
Project("{8BC9CEB8-8B4A-11D0-8D11-00A0C91BC942}") = "Tools", "Tools\Tools.vcxproj", "{6E1B77B3-9723-4681-AE18-7754FAA9D70F}"
EndProject
Project("{8BC9CEB8-8B4A-11D0-8D11-00A0C91BC942}") = "VideoParser", "VideoParser\VideoParser.vcxproj", "{E3667A40-87F9-4EA4-971E-4FA27B6144CB}"
EndProject
Project("{8BC9CEB8-8B4A-11D0-8D11-00A0C91BC942}") = "VideoSegmentation", "VideoSegmentation\VideoSegmentation.vcxproj", "{2DC4A09E-14EE-41AA-9214-E3F60EAF4A48}"
EndProject
Project("{8BC9CEB8-8B4A-11D0-8D11-00A0C91BC942}") = "GraphTheory", "GraphTheory\GraphTheory.vcxproj", "{5B70CE0A-1579-40DB-A718-8496032FD277}"
EndProject
Project("{54435603-DBB4-11D2-8724-00A0C9A8B90C}") = "Installer", "Installer\Installer.vdproj", "{220C2A6B-F8C0-4FA7-B769-3A9648158CC6}"
EndProject
Project("{8BC9CEB8-8B4A-11D0-8D11-00A0C91BC942}") = "MachineLearning", "MachineLearning\MachineLearning.vcxproj", "{A7AFA320-0EAE-466E-9D30-B5A5D29AA19F}"
EndProject
Project("{8BC9CEB8-8B4A-11D0-8D11-00A0C91BC942}") = "ShapeMatching", "ShapeMatching\ShapeMatching.vcxproj", "{D1937CE5-01F7-4DD2-826A-DF358F663739}"
EndProject
Project("{8BC9CEB8-8B4A-11D0-8D11-00A0C91BC942}") = "ObjectTracking", "ObjectTracking\ObjectTracking.vcxproj", "{BFB61D1B-223A-4FEC-B416-669EF8720B0B}"
EndProject
Global
	GlobalSection(SolutionConfigurationPlatforms) = preSolution
		Debug|Any CPU = Debug|Any CPU
		Debug|Mixed Platforms = Debug|Mixed Platforms
		Debug|Win32 = Debug|Win32
		FastDebug|Any CPU = FastDebug|Any CPU
		FastDebug|Mixed Platforms = FastDebug|Mixed Platforms
		FastDebug|Win32 = FastDebug|Win32
		Release|Any CPU = Release|Any CPU
		Release|Mixed Platforms = Release|Mixed Platforms
		Release|Win32 = Release|Win32
	EndGlobalSection
	GlobalSection(ProjectConfigurationPlatforms) = postSolution
		{1DBC80AF-317A-4A65-85AF-228EFEFD3722}.Debug|Any CPU.ActiveCfg = Debug|Win32
		{1DBC80AF-317A-4A65-85AF-228EFEFD3722}.Debug|Mixed Platforms.ActiveCfg = Debug|Win32
		{1DBC80AF-317A-4A65-85AF-228EFEFD3722}.Debug|Mixed Platforms.Build.0 = Debug|Win32
		{1DBC80AF-317A-4A65-85AF-228EFEFD3722}.Debug|Win32.ActiveCfg = Debug|Win32
		{1DBC80AF-317A-4A65-85AF-228EFEFD3722}.Debug|Win32.Build.0 = Debug|Win32
		{1DBC80AF-317A-4A65-85AF-228EFEFD3722}.FastDebug|Any CPU.ActiveCfg = FastDebug|Win32
		{1DBC80AF-317A-4A65-85AF-228EFEFD3722}.FastDebug|Mixed Platforms.ActiveCfg = FastDebug|Win32
		{1DBC80AF-317A-4A65-85AF-228EFEFD3722}.FastDebug|Mixed Platforms.Build.0 = FastDebug|Win32
		{1DBC80AF-317A-4A65-85AF-228EFEFD3722}.FastDebug|Win32.ActiveCfg = FastDebug|Win32
		{1DBC80AF-317A-4A65-85AF-228EFEFD3722}.FastDebug|Win32.Build.0 = FastDebug|Win32
		{1DBC80AF-317A-4A65-85AF-228EFEFD3722}.Release|Any CPU.ActiveCfg = Release|Win32
		{1DBC80AF-317A-4A65-85AF-228EFEFD3722}.Release|Mixed Platforms.ActiveCfg = Release|Win32
		{1DBC80AF-317A-4A65-85AF-228EFEFD3722}.Release|Mixed Platforms.Build.0 = Release|Win32
		{1DBC80AF-317A-4A65-85AF-228EFEFD3722}.Release|Win32.ActiveCfg = Release|Win32
		{1DBC80AF-317A-4A65-85AF-228EFEFD3722}.Release|Win32.Build.0 = Release|Win32
		{B1CCB581-A66F-4F54-B344-0FAE4121A812}.Debug|Any CPU.ActiveCfg = Debug|Win32
		{B1CCB581-A66F-4F54-B344-0FAE4121A812}.Debug|Mixed Platforms.ActiveCfg = Debug|Win32
		{B1CCB581-A66F-4F54-B344-0FAE4121A812}.Debug|Mixed Platforms.Build.0 = Debug|Win32
		{B1CCB581-A66F-4F54-B344-0FAE4121A812}.Debug|Win32.ActiveCfg = Debug|Win32
		{B1CCB581-A66F-4F54-B344-0FAE4121A812}.Debug|Win32.Build.0 = Debug|Win32
		{B1CCB581-A66F-4F54-B344-0FAE4121A812}.FastDebug|Any CPU.ActiveCfg = FastDebug|Win32
		{B1CCB581-A66F-4F54-B344-0FAE4121A812}.FastDebug|Mixed Platforms.ActiveCfg = FastDebug|Win32
		{B1CCB581-A66F-4F54-B344-0FAE4121A812}.FastDebug|Mixed Platforms.Build.0 = FastDebug|Win32
		{B1CCB581-A66F-4F54-B344-0FAE4121A812}.FastDebug|Win32.ActiveCfg = FastDebug|Win32
		{B1CCB581-A66F-4F54-B344-0FAE4121A812}.FastDebug|Win32.Build.0 = FastDebug|Win32
		{B1CCB581-A66F-4F54-B344-0FAE4121A812}.Release|Any CPU.ActiveCfg = Release|Win32
		{B1CCB581-A66F-4F54-B344-0FAE4121A812}.Release|Mixed Platforms.ActiveCfg = Release|Win32
		{B1CCB581-A66F-4F54-B344-0FAE4121A812}.Release|Mixed Platforms.Build.0 = Release|Win32
		{B1CCB581-A66F-4F54-B344-0FAE4121A812}.Release|Win32.ActiveCfg = Release|Win32
		{B1CCB581-A66F-4F54-B344-0FAE4121A812}.Release|Win32.Build.0 = Release|Win32
		{45A8F24F-075E-40D6-9B6F-ED206E314765}.Debug|Any CPU.ActiveCfg = Debug|Win32
		{45A8F24F-075E-40D6-9B6F-ED206E314765}.Debug|Mixed Platforms.ActiveCfg = Debug|Win32
		{45A8F24F-075E-40D6-9B6F-ED206E314765}.Debug|Mixed Platforms.Build.0 = Debug|Win32
		{45A8F24F-075E-40D6-9B6F-ED206E314765}.Debug|Win32.ActiveCfg = Debug|Win32
		{45A8F24F-075E-40D6-9B6F-ED206E314765}.Debug|Win32.Build.0 = Debug|Win32
		{45A8F24F-075E-40D6-9B6F-ED206E314765}.FastDebug|Any CPU.ActiveCfg = FastDebug|Win32
		{45A8F24F-075E-40D6-9B6F-ED206E314765}.FastDebug|Mixed Platforms.ActiveCfg = FastDebug|Win32
		{45A8F24F-075E-40D6-9B6F-ED206E314765}.FastDebug|Mixed Platforms.Build.0 = FastDebug|Win32
		{45A8F24F-075E-40D6-9B6F-ED206E314765}.FastDebug|Win32.ActiveCfg = FastDebug|Win32
		{45A8F24F-075E-40D6-9B6F-ED206E314765}.FastDebug|Win32.Build.0 = FastDebug|Win32
		{45A8F24F-075E-40D6-9B6F-ED206E314765}.Release|Any CPU.ActiveCfg = Release|Win32
		{45A8F24F-075E-40D6-9B6F-ED206E314765}.Release|Mixed Platforms.ActiveCfg = Release|Win32
		{45A8F24F-075E-40D6-9B6F-ED206E314765}.Release|Mixed Platforms.Build.0 = Release|Win32
		{45A8F24F-075E-40D6-9B6F-ED206E314765}.Release|Win32.ActiveCfg = Release|Win32
		{45A8F24F-075E-40D6-9B6F-ED206E314765}.Release|Win32.Build.0 = Release|Win32
		{EBD0ADA9-0397-4E6E-82F5-5C6BA134B4C8}.Debug|Any CPU.ActiveCfg = Debug|Win32
		{EBD0ADA9-0397-4E6E-82F5-5C6BA134B4C8}.Debug|Mixed Platforms.ActiveCfg = Debug|Win32
		{EBD0ADA9-0397-4E6E-82F5-5C6BA134B4C8}.Debug|Mixed Platforms.Build.0 = Debug|Win32
		{EBD0ADA9-0397-4E6E-82F5-5C6BA134B4C8}.Debug|Win32.ActiveCfg = Debug|Win32
		{EBD0ADA9-0397-4E6E-82F5-5C6BA134B4C8}.Debug|Win32.Build.0 = Debug|Win32
		{EBD0ADA9-0397-4E6E-82F5-5C6BA134B4C8}.FastDebug|Any CPU.ActiveCfg = FastDebug|Win32
		{EBD0ADA9-0397-4E6E-82F5-5C6BA134B4C8}.FastDebug|Mixed Platforms.ActiveCfg = FastDebug|Win32
		{EBD0ADA9-0397-4E6E-82F5-5C6BA134B4C8}.FastDebug|Mixed Platforms.Build.0 = FastDebug|Win32
		{EBD0ADA9-0397-4E6E-82F5-5C6BA134B4C8}.FastDebug|Win32.ActiveCfg = FastDebug|Win32
		{EBD0ADA9-0397-4E6E-82F5-5C6BA134B4C8}.FastDebug|Win32.Build.0 = FastDebug|Win32
		{EBD0ADA9-0397-4E6E-82F5-5C6BA134B4C8}.Release|Any CPU.ActiveCfg = Release|Win32
		{EBD0ADA9-0397-4E6E-82F5-5C6BA134B4C8}.Release|Mixed Platforms.ActiveCfg = Release|Win32
		{EBD0ADA9-0397-4E6E-82F5-5C6BA134B4C8}.Release|Mixed Platforms.Build.0 = Release|Win32
		{EBD0ADA9-0397-4E6E-82F5-5C6BA134B4C8}.Release|Win32.ActiveCfg = Release|Win32
		{EBD0ADA9-0397-4E6E-82F5-5C6BA134B4C8}.Release|Win32.Build.0 = Release|Win32
		{4C974282-1094-42CF-996C-42DEA04949F1}.Debug|Any CPU.ActiveCfg = Debug|Win32
		{4C974282-1094-42CF-996C-42DEA04949F1}.Debug|Mixed Platforms.ActiveCfg = Debug|Win32
		{4C974282-1094-42CF-996C-42DEA04949F1}.Debug|Mixed Platforms.Build.0 = Debug|Win32
		{4C974282-1094-42CF-996C-42DEA04949F1}.Debug|Win32.ActiveCfg = Debug|Win32
		{4C974282-1094-42CF-996C-42DEA04949F1}.Debug|Win32.Build.0 = Debug|Win32
		{4C974282-1094-42CF-996C-42DEA04949F1}.FastDebug|Any CPU.ActiveCfg = FastDebug|Win32
		{4C974282-1094-42CF-996C-42DEA04949F1}.FastDebug|Mixed Platforms.ActiveCfg = FastDebug|Win32
		{4C974282-1094-42CF-996C-42DEA04949F1}.FastDebug|Mixed Platforms.Build.0 = FastDebug|Win32
		{4C974282-1094-42CF-996C-42DEA04949F1}.FastDebug|Win32.ActiveCfg = FastDebug|Win32
		{4C974282-1094-42CF-996C-42DEA04949F1}.FastDebug|Win32.Build.0 = FastDebug|Win32
		{4C974282-1094-42CF-996C-42DEA04949F1}.Release|Any CPU.ActiveCfg = Release|Win32
		{4C974282-1094-42CF-996C-42DEA04949F1}.Release|Mixed Platforms.ActiveCfg = Release|Win32
		{4C974282-1094-42CF-996C-42DEA04949F1}.Release|Mixed Platforms.Build.0 = Release|Win32
		{4C974282-1094-42CF-996C-42DEA04949F1}.Release|Win32.ActiveCfg = Release|Win32
		{4C974282-1094-42CF-996C-42DEA04949F1}.Release|Win32.Build.0 = Release|Win32
		{436FB326-E0AF-48C4-B36D-8E6F5E5525FE}.Debug|Any CPU.ActiveCfg = Debug|Win32
		{436FB326-E0AF-48C4-B36D-8E6F5E5525FE}.Debug|Mixed Platforms.ActiveCfg = Debug|Win32
		{436FB326-E0AF-48C4-B36D-8E6F5E5525FE}.Debug|Mixed Platforms.Build.0 = Debug|Win32
		{436FB326-E0AF-48C4-B36D-8E6F5E5525FE}.Debug|Win32.ActiveCfg = Debug|Win32
		{436FB326-E0AF-48C4-B36D-8E6F5E5525FE}.Debug|Win32.Build.0 = Debug|Win32
		{436FB326-E0AF-48C4-B36D-8E6F5E5525FE}.FastDebug|Any CPU.ActiveCfg = FastDebug|Win32
		{436FB326-E0AF-48C4-B36D-8E6F5E5525FE}.FastDebug|Mixed Platforms.ActiveCfg = FastDebug|Win32
		{436FB326-E0AF-48C4-B36D-8E6F5E5525FE}.FastDebug|Mixed Platforms.Build.0 = FastDebug|Win32
		{436FB326-E0AF-48C4-B36D-8E6F5E5525FE}.FastDebug|Win32.ActiveCfg = FastDebug|Win32
		{436FB326-E0AF-48C4-B36D-8E6F5E5525FE}.FastDebug|Win32.Build.0 = FastDebug|Win32
		{436FB326-E0AF-48C4-B36D-8E6F5E5525FE}.Release|Any CPU.ActiveCfg = Release|Win32
		{436FB326-E0AF-48C4-B36D-8E6F5E5525FE}.Release|Mixed Platforms.ActiveCfg = Release|Win32
		{436FB326-E0AF-48C4-B36D-8E6F5E5525FE}.Release|Mixed Platforms.Build.0 = Release|Win32
		{436FB326-E0AF-48C4-B36D-8E6F5E5525FE}.Release|Win32.ActiveCfg = Release|Win32
		{436FB326-E0AF-48C4-B36D-8E6F5E5525FE}.Release|Win32.Build.0 = Release|Win32
		{6E1B77B3-9723-4681-AE18-7754FAA9D70F}.Debug|Any CPU.ActiveCfg = Debug|Win32
		{6E1B77B3-9723-4681-AE18-7754FAA9D70F}.Debug|Mixed Platforms.ActiveCfg = Debug|Win32
		{6E1B77B3-9723-4681-AE18-7754FAA9D70F}.Debug|Mixed Platforms.Build.0 = Debug|Win32
		{6E1B77B3-9723-4681-AE18-7754FAA9D70F}.Debug|Win32.ActiveCfg = Debug|Win32
		{6E1B77B3-9723-4681-AE18-7754FAA9D70F}.Debug|Win32.Build.0 = Debug|Win32
		{6E1B77B3-9723-4681-AE18-7754FAA9D70F}.FastDebug|Any CPU.ActiveCfg = FastDebug|Win32
		{6E1B77B3-9723-4681-AE18-7754FAA9D70F}.FastDebug|Mixed Platforms.ActiveCfg = FastDebug|Win32
		{6E1B77B3-9723-4681-AE18-7754FAA9D70F}.FastDebug|Mixed Platforms.Build.0 = FastDebug|Win32
		{6E1B77B3-9723-4681-AE18-7754FAA9D70F}.FastDebug|Win32.ActiveCfg = FastDebug|Win32
		{6E1B77B3-9723-4681-AE18-7754FAA9D70F}.FastDebug|Win32.Build.0 = FastDebug|Win32
		{6E1B77B3-9723-4681-AE18-7754FAA9D70F}.Release|Any CPU.ActiveCfg = Release|Win32
		{6E1B77B3-9723-4681-AE18-7754FAA9D70F}.Release|Mixed Platforms.ActiveCfg = Release|Win32
		{6E1B77B3-9723-4681-AE18-7754FAA9D70F}.Release|Mixed Platforms.Build.0 = Release|Win32
		{6E1B77B3-9723-4681-AE18-7754FAA9D70F}.Release|Win32.ActiveCfg = Release|Win32
		{6E1B77B3-9723-4681-AE18-7754FAA9D70F}.Release|Win32.Build.0 = Release|Win32
		{E3667A40-87F9-4EA4-971E-4FA27B6144CB}.Debug|Any CPU.ActiveCfg = Debug|Win32
		{E3667A40-87F9-4EA4-971E-4FA27B6144CB}.Debug|Mixed Platforms.ActiveCfg = Debug|Win32
		{E3667A40-87F9-4EA4-971E-4FA27B6144CB}.Debug|Mixed Platforms.Build.0 = Debug|Win32
		{E3667A40-87F9-4EA4-971E-4FA27B6144CB}.Debug|Win32.ActiveCfg = Debug|Win32
		{E3667A40-87F9-4EA4-971E-4FA27B6144CB}.Debug|Win32.Build.0 = Debug|Win32
		{E3667A40-87F9-4EA4-971E-4FA27B6144CB}.FastDebug|Any CPU.ActiveCfg = FastDebug|Win32
		{E3667A40-87F9-4EA4-971E-4FA27B6144CB}.FastDebug|Mixed Platforms.ActiveCfg = FastDebug|Win32
		{E3667A40-87F9-4EA4-971E-4FA27B6144CB}.FastDebug|Mixed Platforms.Build.0 = FastDebug|Win32
		{E3667A40-87F9-4EA4-971E-4FA27B6144CB}.FastDebug|Win32.ActiveCfg = FastDebug|Win32
		{E3667A40-87F9-4EA4-971E-4FA27B6144CB}.FastDebug|Win32.Build.0 = FastDebug|Win32
		{E3667A40-87F9-4EA4-971E-4FA27B6144CB}.Release|Any CPU.ActiveCfg = Release|Win32
		{E3667A40-87F9-4EA4-971E-4FA27B6144CB}.Release|Mixed Platforms.ActiveCfg = Release|Win32
		{E3667A40-87F9-4EA4-971E-4FA27B6144CB}.Release|Mixed Platforms.Build.0 = Release|Win32
		{E3667A40-87F9-4EA4-971E-4FA27B6144CB}.Release|Win32.ActiveCfg = Release|Win32
		{E3667A40-87F9-4EA4-971E-4FA27B6144CB}.Release|Win32.Build.0 = Release|Win32
		{2DC4A09E-14EE-41AA-9214-E3F60EAF4A48}.Debug|Any CPU.ActiveCfg = Debug|Win32
		{2DC4A09E-14EE-41AA-9214-E3F60EAF4A48}.Debug|Mixed Platforms.ActiveCfg = Debug|Win32
		{2DC4A09E-14EE-41AA-9214-E3F60EAF4A48}.Debug|Mixed Platforms.Build.0 = Debug|Win32
		{2DC4A09E-14EE-41AA-9214-E3F60EAF4A48}.Debug|Win32.ActiveCfg = Debug|Win32
		{2DC4A09E-14EE-41AA-9214-E3F60EAF4A48}.Debug|Win32.Build.0 = Debug|Win32
		{2DC4A09E-14EE-41AA-9214-E3F60EAF4A48}.FastDebug|Any CPU.ActiveCfg = FastDebug|Win32
		{2DC4A09E-14EE-41AA-9214-E3F60EAF4A48}.FastDebug|Mixed Platforms.ActiveCfg = FastDebug|Win32
		{2DC4A09E-14EE-41AA-9214-E3F60EAF4A48}.FastDebug|Mixed Platforms.Build.0 = FastDebug|Win32
		{2DC4A09E-14EE-41AA-9214-E3F60EAF4A48}.FastDebug|Win32.ActiveCfg = FastDebug|Win32
		{2DC4A09E-14EE-41AA-9214-E3F60EAF4A48}.FastDebug|Win32.Build.0 = FastDebug|Win32
		{2DC4A09E-14EE-41AA-9214-E3F60EAF4A48}.Release|Any CPU.ActiveCfg = Release|Win32
		{2DC4A09E-14EE-41AA-9214-E3F60EAF4A48}.Release|Mixed Platforms.ActiveCfg = Release|Win32
		{2DC4A09E-14EE-41AA-9214-E3F60EAF4A48}.Release|Mixed Platforms.Build.0 = Release|Win32
		{2DC4A09E-14EE-41AA-9214-E3F60EAF4A48}.Release|Win32.ActiveCfg = Release|Win32
		{2DC4A09E-14EE-41AA-9214-E3F60EAF4A48}.Release|Win32.Build.0 = Release|Win32
		{5B70CE0A-1579-40DB-A718-8496032FD277}.Debug|Any CPU.ActiveCfg = Debug|Win32
		{5B70CE0A-1579-40DB-A718-8496032FD277}.Debug|Mixed Platforms.ActiveCfg = Debug|Win32
		{5B70CE0A-1579-40DB-A718-8496032FD277}.Debug|Mixed Platforms.Build.0 = Debug|Win32
		{5B70CE0A-1579-40DB-A718-8496032FD277}.Debug|Win32.ActiveCfg = Debug|Win32
		{5B70CE0A-1579-40DB-A718-8496032FD277}.Debug|Win32.Build.0 = Debug|Win32
		{5B70CE0A-1579-40DB-A718-8496032FD277}.FastDebug|Any CPU.ActiveCfg = Debug|Win32
		{5B70CE0A-1579-40DB-A718-8496032FD277}.FastDebug|Mixed Platforms.ActiveCfg = Debug|Win32
		{5B70CE0A-1579-40DB-A718-8496032FD277}.FastDebug|Mixed Platforms.Build.0 = Debug|Win32
		{5B70CE0A-1579-40DB-A718-8496032FD277}.FastDebug|Win32.ActiveCfg = Debug|Win32
		{5B70CE0A-1579-40DB-A718-8496032FD277}.FastDebug|Win32.Build.0 = Debug|Win32
		{5B70CE0A-1579-40DB-A718-8496032FD277}.Release|Any CPU.ActiveCfg = Release|Win32
		{5B70CE0A-1579-40DB-A718-8496032FD277}.Release|Mixed Platforms.ActiveCfg = Release|Win32
		{5B70CE0A-1579-40DB-A718-8496032FD277}.Release|Mixed Platforms.Build.0 = Release|Win32
		{5B70CE0A-1579-40DB-A718-8496032FD277}.Release|Win32.ActiveCfg = Release|Win32
		{5B70CE0A-1579-40DB-A718-8496032FD277}.Release|Win32.Build.0 = Release|Win32
		{220C2A6B-F8C0-4FA7-B769-3A9648158CC6}.Debug|Any CPU.ActiveCfg = Debug
		{220C2A6B-F8C0-4FA7-B769-3A9648158CC6}.Debug|Any CPU.Build.0 = Debug
		{220C2A6B-F8C0-4FA7-B769-3A9648158CC6}.Debug|Mixed Platforms.ActiveCfg = Debug
		{220C2A6B-F8C0-4FA7-B769-3A9648158CC6}.Debug|Win32.ActiveCfg = Debug
		{220C2A6B-F8C0-4FA7-B769-3A9648158CC6}.FastDebug|Any CPU.ActiveCfg = Debug
		{220C2A6B-F8C0-4FA7-B769-3A9648158CC6}.FastDebug|Any CPU.Build.0 = Debug
		{220C2A6B-F8C0-4FA7-B769-3A9648158CC6}.FastDebug|Mixed Platforms.ActiveCfg = Debug
		{220C2A6B-F8C0-4FA7-B769-3A9648158CC6}.FastDebug|Mixed Platforms.Build.0 = Debug
		{220C2A6B-F8C0-4FA7-B769-3A9648158CC6}.FastDebug|Win32.ActiveCfg = Debug
		{220C2A6B-F8C0-4FA7-B769-3A9648158CC6}.Release|Any CPU.ActiveCfg = Release
		{220C2A6B-F8C0-4FA7-B769-3A9648158CC6}.Release|Any CPU.Build.0 = Release
		{220C2A6B-F8C0-4FA7-B769-3A9648158CC6}.Release|Mixed Platforms.ActiveCfg = Release
		{220C2A6B-F8C0-4FA7-B769-3A9648158CC6}.Release|Win32.ActiveCfg = Release
		{A7AFA320-0EAE-466E-9D30-B5A5D29AA19F}.Debug|Any CPU.ActiveCfg = Debug|Win32
		{A7AFA320-0EAE-466E-9D30-B5A5D29AA19F}.Debug|Mixed Platforms.ActiveCfg = Debug|Win32
		{A7AFA320-0EAE-466E-9D30-B5A5D29AA19F}.Debug|Mixed Platforms.Build.0 = Debug|Win32
		{A7AFA320-0EAE-466E-9D30-B5A5D29AA19F}.Debug|Win32.ActiveCfg = Debug|Win32
		{A7AFA320-0EAE-466E-9D30-B5A5D29AA19F}.Debug|Win32.Build.0 = Debug|Win32
		{A7AFA320-0EAE-466E-9D30-B5A5D29AA19F}.FastDebug|Any CPU.ActiveCfg = Debug|Win32
		{A7AFA320-0EAE-466E-9D30-B5A5D29AA19F}.FastDebug|Mixed Platforms.ActiveCfg = Debug|Win32
		{A7AFA320-0EAE-466E-9D30-B5A5D29AA19F}.FastDebug|Mixed Platforms.Build.0 = Debug|Win32
		{A7AFA320-0EAE-466E-9D30-B5A5D29AA19F}.FastDebug|Win32.ActiveCfg = Debug|Win32
		{A7AFA320-0EAE-466E-9D30-B5A5D29AA19F}.FastDebug|Win32.Build.0 = Debug|Win32
		{A7AFA320-0EAE-466E-9D30-B5A5D29AA19F}.Release|Any CPU.ActiveCfg = Release|Win32
		{A7AFA320-0EAE-466E-9D30-B5A5D29AA19F}.Release|Mixed Platforms.ActiveCfg = Release|Win32
		{A7AFA320-0EAE-466E-9D30-B5A5D29AA19F}.Release|Mixed Platforms.Build.0 = Release|Win32
		{A7AFA320-0EAE-466E-9D30-B5A5D29AA19F}.Release|Win32.ActiveCfg = Release|Win32
		{A7AFA320-0EAE-466E-9D30-B5A5D29AA19F}.Release|Win32.Build.0 = Release|Win32
		{D1937CE5-01F7-4DD2-826A-DF358F663739}.Debug|Any CPU.ActiveCfg = Debug|Win32
		{D1937CE5-01F7-4DD2-826A-DF358F663739}.Debug|Mixed Platforms.ActiveCfg = Debug|Win32
		{D1937CE5-01F7-4DD2-826A-DF358F663739}.Debug|Mixed Platforms.Build.0 = Debug|Win32
		{D1937CE5-01F7-4DD2-826A-DF358F663739}.Debug|Win32.ActiveCfg = Debug|Win32
		{D1937CE5-01F7-4DD2-826A-DF358F663739}.Debug|Win32.Build.0 = Debug|Win32
		{D1937CE5-01F7-4DD2-826A-DF358F663739}.FastDebug|Any CPU.ActiveCfg = Debug|Win32
		{D1937CE5-01F7-4DD2-826A-DF358F663739}.FastDebug|Mixed Platforms.ActiveCfg = Debug|Win32
		{D1937CE5-01F7-4DD2-826A-DF358F663739}.FastDebug|Mixed Platforms.Build.0 = Debug|Win32
		{D1937CE5-01F7-4DD2-826A-DF358F663739}.FastDebug|Win32.ActiveCfg = Debug|Win32
		{D1937CE5-01F7-4DD2-826A-DF358F663739}.FastDebug|Win32.Build.0 = Debug|Win32
		{D1937CE5-01F7-4DD2-826A-DF358F663739}.Release|Any CPU.ActiveCfg = Release|Win32
		{D1937CE5-01F7-4DD2-826A-DF358F663739}.Release|Mixed Platforms.ActiveCfg = Release|Win32
		{D1937CE5-01F7-4DD2-826A-DF358F663739}.Release|Mixed Platforms.Build.0 = Release|Win32
		{D1937CE5-01F7-4DD2-826A-DF358F663739}.Release|Win32.ActiveCfg = Release|Win32
		{D1937CE5-01F7-4DD2-826A-DF358F663739}.Release|Win32.Build.0 = Release|Win32
		{BFB61D1B-223A-4FEC-B416-669EF8720B0B}.Debug|Any CPU.ActiveCfg = Debug|Win32
		{BFB61D1B-223A-4FEC-B416-669EF8720B0B}.Debug|Mixed Platforms.ActiveCfg = Debug|Win32
		{BFB61D1B-223A-4FEC-B416-669EF8720B0B}.Debug|Mixed Platforms.Build.0 = Debug|Win32
		{BFB61D1B-223A-4FEC-B416-669EF8720B0B}.Debug|Win32.ActiveCfg = Debug|Win32
		{BFB61D1B-223A-4FEC-B416-669EF8720B0B}.Debug|Win32.Build.0 = Debug|Win32
		{BFB61D1B-223A-4FEC-B416-669EF8720B0B}.FastDebug|Any CPU.ActiveCfg = Debug|Win32
		{BFB61D1B-223A-4FEC-B416-669EF8720B0B}.FastDebug|Mixed Platforms.ActiveCfg = Debug|Win32
		{BFB61D1B-223A-4FEC-B416-669EF8720B0B}.FastDebug|Mixed Platforms.Build.0 = Debug|Win32
		{BFB61D1B-223A-4FEC-B416-669EF8720B0B}.FastDebug|Win32.ActiveCfg = Debug|Win32
		{BFB61D1B-223A-4FEC-B416-669EF8720B0B}.FastDebug|Win32.Build.0 = Debug|Win32
		{BFB61D1B-223A-4FEC-B416-669EF8720B0B}.Release|Any CPU.ActiveCfg = Release|Win32
		{BFB61D1B-223A-4FEC-B416-669EF8720B0B}.Release|Mixed Platforms.ActiveCfg = Release|Win32
		{BFB61D1B-223A-4FEC-B416-669EF8720B0B}.Release|Mixed Platforms.Build.0 = Release|Win32
		{BFB61D1B-223A-4FEC-B416-669EF8720B0B}.Release|Win32.ActiveCfg = Release|Win32
		{BFB61D1B-223A-4FEC-B416-669EF8720B0B}.Release|Win32.Build.0 = Release|Win32
	EndGlobalSection
	GlobalSection(SolutionProperties) = preSolution
		HideSolutionNode = FALSE
	EndGlobalSection
EndGlobal
